
Microsoft Visual Studio Solution File, Format Version 12.00
# Visual Studio Version 16
VisualStudioVersion = 16.0.31424.327
MinimumVisualStudioVersion = 10.0.40219.1
Project("{FAE04EC0-301F-11D3-BF4B-00C04F79EFBC}") = "ConexionSQL", "ConexionSQL\ConexionSQL.csproj", "{A2A8678A-3E65-4D8A-A8BB-9640D92A80D4}"
EndProject
Global
	GlobalSection(SolutionConfigurationPlatforms) = preSolution
		Debug|Any CPU = Debug|Any CPU
		Release|Any CPU = Release|Any CPU
	EndGlobalSection
	GlobalSection(ProjectConfigurationPlatforms) = postSolution
		{A2A8678A-3E65-4D8A-A8BB-9640D92A80D4}.Debug|Any CPU.ActiveCfg = Debug|Any CPU
		{A2A8678A-3E65-4D8A-A8BB-9640D92A80D4}.Debug|Any CPU.Build.0 = Debug|Any CPU
		{A2A8678A-3E65-4D8A-A8BB-9640D92A80D4}.Release|Any CPU.ActiveCfg = Release|Any CPU
		{A2A8678A-3E65-4D8A-A8BB-9640D92A80D4}.Release|Any CPU.Build.0 = Release|Any CPU
	EndGlobalSection
	GlobalSection(SolutionProperties) = preSolution
		HideSolutionNode = FALSE
	EndGlobalSection
	GlobalSection(ExtensibilityGlobals) = postSolution
		SolutionGuid = {A1E544C1-C92C-473A-91A3-7512ADE2AF51}
	EndGlobalSection
EndGlobal
